
Microsoft Visual Studio Solution File, Format Version 12.00
# Visual Studio 15
VisualStudioVersion = 15.0.26430.13
MinimumVisualStudioVersion = 10.0.40219.1
Project("{FAE04EC0-301F-11D3-BF4B-00C04F79EFBC}") = "VeGayQuy", "Drawing\VeGayQuy.csproj", "{B89F1D13-9203-4F22-91C0-F89EDBB207FB}"
EndProject
Global
	GlobalSection(SolutionConfigurationPlatforms) = preSolution
		Debug|Any CPU = Debug|Any CPU
		Release|Any CPU = Release|Any CPU
	EndGlobalSection
	GlobalSection(ProjectConfigurationPlatforms) = postSolution
		{B89F1D13-9203-4F22-91C0-F89EDBB207FB}.Debug|Any CPU.ActiveCfg = Debug|Any CPU
		{B89F1D13-9203-4F22-91C0-F89EDBB207FB}.Debug|Any CPU.Build.0 = Debug|Any CPU
		{B89F1D13-9203-4F22-91C0-F89EDBB207FB}.Release|Any CPU.ActiveCfg = Release|Any CPU
		{B89F1D13-9203-4F22-91C0-F89EDBB207FB}.Release|Any CPU.Build.0 = Release|Any CPU
	EndGlobalSection
	GlobalSection(SolutionProperties) = preSolution
		HideSolutionNode = FALSE
	EndGlobalSection
	GlobalSection(ExtensibilityGlobals) = postSolution
		SolutionGuid = {E03D97DA-8EC5-48AD-93B7-5E494DA58DEB}
	EndGlobalSection
	GlobalSection(TeamFoundationVersionControl) = preSolution
		SccNumberOfProjects = 2
		SccEnterpriseProvider = {4CA58AB2-18FA-4F8D-95D4-32DDF27D184C}
		SccTeamFoundationServer = https://anhsangla.visualstudio.com/
		SccLocalPath0 = .
		SccProjectUniqueName1 = Drawing\\VeGayQuy.csproj
		SccProjectName1 = Drawing
		SccLocalPath1 = Drawing
	EndGlobalSection
EndGlobal
