
Microsoft Visual Studio Solution File, Format Version 12.00
# Visual Studio Version 17
VisualStudioVersion = 17.9.34902.65
MinimumVisualStudioVersion = 10.0.40219.1
Project("{FAE04EC0-301F-11D3-BF4B-00C04F79EFBC}") = "VeGayQuy", "Drawing\VeGayQuy.csproj", "{B89F1D13-9203-4F22-91C0-F89EDBB207FB}"
EndProject
Project("{FAE04EC0-301F-11D3-BF4B-00C04F79EFBC}") = "PdfExport", "PdfExport\PdfExport.csproj", "{BF2C90C3-C452-4BE3-9B31-43B0456C1596}"
EndProject
Global
	GlobalSection(SolutionConfigurationPlatforms) = preSolution
		Debug|Any CPU = Debug|Any CPU
		Release|Any CPU = Release|Any CPU
	EndGlobalSection
	GlobalSection(ProjectConfigurationPlatforms) = postSolution
		{B89F1D13-9203-4F22-91C0-F89EDBB207FB}.Debug|Any CPU.ActiveCfg = Debug|Any CPU
		{B89F1D13-9203-4F22-91C0-F89EDBB207FB}.Debug|Any CPU.Build.0 = Debug|Any CPU
		{B89F1D13-9203-4F22-91C0-F89EDBB207FB}.Release|Any CPU.ActiveCfg = Release|Any CPU
		{B89F1D13-9203-4F22-91C0-F89EDBB207FB}.Release|Any CPU.Build.0 = Release|Any CPU
		{BF2C90C3-C452-4BE3-9B31-43B0456C1596}.Debug|Any CPU.ActiveCfg = Debug|Any CPU
		{BF2C90C3-C452-4BE3-9B31-43B0456C1596}.Debug|Any CPU.Build.0 = Debug|Any CPU
		{BF2C90C3-C452-4BE3-9B31-43B0456C1596}.Release|Any CPU.ActiveCfg = Release|Any CPU
		{BF2C90C3-C452-4BE3-9B31-43B0456C1596}.Release|Any CPU.Build.0 = Release|Any CPU
	EndGlobalSection
	GlobalSection(SolutionProperties) = preSolution
		HideSolutionNode = FALSE
	EndGlobalSection
	GlobalSection(ExtensibilityGlobals) = postSolution
		SolutionGuid = {E03D97DA-8EC5-48AD-93B7-5E494DA58DEB}
	EndGlobalSection
EndGlobal
